{
  "name": "helios",
  "version": "1.0.0",
  "lockfileVersion": 2,
  "requires": true,
  "packages": {
    "": {
      "name": "helios",
      "version": "1.0.0",
      "license": "ISC",
      "dependencies": {
        "@hyperionbt/helios": "^0.9.13"
      }
    },
    "node_modules/@hyperionbt/helios": {
      "version": "0.9.13",
      "resolved": "https://registry.npmjs.org/@hyperionbt/helios/-/helios-0.9.13.tgz",
      "integrity": "sha512-mn0ObSj1nnmx9+IX/6e6Xgm1KMFZ6qEB/Fk+DfH+WTUJHZcOjaVoKfApLwP+sVV3XR5rts0+dPOaTuiebqkdGw=="
    }
  },
  "dependencies": {
    "@hyperionbt/helios": {
      "version": "0.9.13",
      "resolved": "https://registry.npmjs.org/@hyperionbt/helios/-/helios-0.9.13.tgz",
      "integrity": "sha512-mn0ObSj1nnmx9+IX/6e6Xgm1KMFZ6qEB/Fk+DfH+WTUJHZcOjaVoKfApLwP+sVV3XR5rts0+dPOaTuiebqkdGw=="
    }
  }
}
